PODS:
  - pili-librtmp (1.0.2)
  - PLPlayerKit (2.2.0):
    - pili-librtmp
    - PLPlayerKit/precompiled (= 2.2.0)
  - PLPlayerKit/precompiled (2.2.0):
    - pili-librtmp

DEPENDENCIES:
  - PLPlayerKit (from `../`)

EXTERNAL SOURCES:
  PLPlayerKit:
    :path: ../

SPEC CHECKSUMS:
  pili-librtmp: 97dc6774ac4ebb9935f04d5f35f3f6d8c4a4f37c
  PLPlayerKit: 1cef24f72d517519c74e797581fccc2db8db1a2e

COCOAPODS: 0.39.0
