PODS:
  - PLPlayerKit (3.3.3):
    - PLPlayerKit/iphoneos (= 3.3.3)
  - PLPlayerKit/iphoneos (3.3.3)

DEPENDENCIES:
  - PLPlayerKit (from `../../`)

EXTERNAL SOURCES:
  PLPlayerKit:
    :path: "../../"

SPEC CHECKSUMS:
  PLPlayerKit: 296fe6c77c5d0b6d649ceeee9fab73485cb4c78f

PODFILE CHECKSUM: 1399b1346ca0054c788cb5af2adbda9fd64eae10

COCOAPODS: 1.5.3
