PODS:
  - BlocksKit (2.2.5):
    - BlocksKit/All (= 2.2.5)
  - BlocksKit/All (2.2.5):
    - BlocksKit/Core
    - BlocksKit/DynamicDelegate
    - BlocksKit/MessageUI
    - BlocksKit/UIKit
  - BlocksKit/Core (2.2.5)
  - BlocksKit/DynamicDelegate (2.2.5)
  - BlocksKit/MessageUI (2.2.5):
    - BlocksKit/Core
    - BlocksKit/DynamicDelegate
  - BlocksKit/UIKit (2.2.5):
    - BlocksKit/Core
    - BlocksKit/DynamicDelegate
  - Bugsnag (5.15.4)
  - Crashlytics (3.7.2):
    - Fabric (~> 1.6.3)
  - Fabric (1.6.7)
  - HappyDNS (0.3.10)
  - JGProgressHUD (2.0)
  - Masonry (1.0.1)
  - MMMaterialDesignSpinner (0.2.5)
  - PLPlayerKit (3.4.9):
    - PLPlayerKit/iphoneos (= 3.4.9)
  - PLPlayerKit/iphoneos (3.4.9)
  - SDWebImage (4.3.2):
    - SDWebImage/Core (= 4.3.2)
  - SDWebImage/Core (4.3.2)
  - WeiboSDK (3.1.3)

DEPENDENCIES:
  - BlocksKit (>= 2.2.5)
  - Bugsnag
  - Crashlytics (>= 3.7.2)
  - Fabric (>= 1.6.7)
  - HappyDNS (>= 0.3.10)
  - JGProgressHUD
  - Masonry
  - Masonry (>= 1.0.1)
  - MMMaterialDesignSpinner
  - PLPlayerKit (from `../../`)
  - SDWebImage
  - WeiboSDK (>= 3.1.3)

SPEC REPOS:
  trunk:
    - BlocksKit
    - Bugsnag
    - Crashlytics
    - Fabric
    - HappyDNS
    - JGProgressHUD
    - Masonry
    - MMMaterialDesignSpinner
    - SDWebImage
    - WeiboSDK

EXTERNAL SOURCES:
  PLPlayerKit:
    :path: "../../"

SPEC CHECKSUMS:
  BlocksKit: 7f422b971407001178d181a43b99014ea2591fe6
  Bugsnag: df1d395695ddf795aa35c23ef4eaef4a04ddcffd
  Crashlytics: 2580a9a091e265da4a7a89d2c442aa1c0ea4712c
  Fabric: 30e7baf1bb775e776e2e5975a630c173022d7611
  HappyDNS: 06a9fed2796663fd87626dbf02552933265bf059
  JGProgressHUD: c402c0f41fc291ca7e33bba2f999118d9682dd9c
  Masonry: a1a931a0d08870ed8ae415a2ea5ea68ebcac77df
  MMMaterialDesignSpinner: a548042720c2e5f04212048483085d7942ac3e81
  PLPlayerKit: 6d377f241918be3737c811b84f8366de385c1f91
  SDWebImage: 29bd3c0bc1f01e5eb59720847c64ad4c4ca1af5d
  WeiboSDK: acb067053668102cf07d01aa7604350162c2e466

PODFILE CHECKSUM: 125580bee4fbaff98cc481a161fc9d6987859318

COCOAPODS: 1.11.2
