// !$*UTF8*$!
{
	archiveVersion = 1;
	classes = {
	};
	objectVersion = 48;
	objects = {

/* Begin PBXBuildFile section */
		7630BEE9204FD268009160DC /* PLPlayerView.m in Sources */ = {isa = PBXBuildFile; fileRef = 7630BEE8204FD268009160DC /* PLPlayerView.m */; };
		7630BEEC204FD3B3009160DC /* PLNavigationViewController.m in Sources */ = {isa = PBXBuildFile; fileRef = 7630BEEB204FD3B3009160DC /* PLNavigationViewController.m */; };
		763831752058E5220023AD90 /* NSDate+Covert.m in Sources */ = {isa = PBXBuildFile; fileRef = 763831742058E5220023AD90 /* NSDate+Covert.m */; };
		76383186205905970023AD90 /* LaunchScreen.storyboard in Resources */ = {isa = PBXBuildFile; fileRef = 76383184205905960023AD90 /* LaunchScreen.storyboard */; };
		7638318A20592ED00023AD90 /* launchImage.png in Resources */ = {isa = PBXBuildFile; fileRef = 7638318920592ECF0023AD90 /* launchImage.png */; };
		7638318C205939420023AD90 /* hks.png in Resources */ = {isa = PBXBuildFile; fileRef = 7638318B205939420023AD90 /* hks.png */; };
		7638319420593B850023AD90 /* 5.jpeg in Resources */ = {isa = PBXBuildFile; fileRef = 7638318E20593B850023AD90 /* 5.jpeg */; };
		7638319520593B850023AD90 /* 4.jpg in Resources */ = {isa = PBXBuildFile; fileRef = 7638318F20593B850023AD90 /* 4.jpg */; };
		7638319620593B850023AD90 /* 2.jpeg in Resources */ = {isa = PBXBuildFile; fileRef = 7638319020593B850023AD90 /* 2.jpeg */; };
		7638319720593B850023AD90 /* 3.jpg in Resources */ = {isa = PBXBuildFile; fileRef = 7638319120593B850023AD90 /* 3.jpg */; };
		7638319820593B850023AD90 /* 1.jpg in Resources */ = {isa = PBXBuildFile; fileRef = 7638319220593B850023AD90 /* 1.jpg */; };
		7638319920593B850023AD90 /* 0.jpg in Resources */ = {isa = PBXBuildFile; fileRef = 7638319320593B850023AD90 /* 0.jpg */; };
		767EE51E204F86E00074B4FF /* PLHttpSession.m in Sources */ = {isa = PBXBuildFile; fileRef = 767EE51D204F86E00074B4FF /* PLHttpSession.m */; };
		767EE52A204FA72A0074B4FF /* PLMediaInfo.m in Sources */ = {isa = PBXBuildFile; fileRef = 767EE529204FA72A0074B4FF /* PLMediaInfo.m */; };
		768E0842204D3660007D0975 /* UIButton+Animate.m in Sources */ = {isa = PBXBuildFile; fileRef = 768E0841204D3660007D0975 /* UIButton+Animate.m */; };
		76B2FA47205226C900DAF7E8 /* PLQRCodeViewController.m in Sources */ = {isa = PBXBuildFile; fileRef = 76B2FA46205226C900DAF7E8 /* PLQRCodeViewController.m */; };
		76B2FA52205277C100DAF7E8 /* PLPlayViewController.m in Sources */ = {isa = PBXBuildFile; fileRef = 76B2FA51205277C100DAF7E8 /* PLPlayViewController.m */; };
		76B2FA5C2052AEFD00DAF7E8 /* NSString+URLCheck.m in Sources */ = {isa = PBXBuildFile; fileRef = 76B2FA5B2052AEFD00DAF7E8 /* NSString+URLCheck.m */; };
		76B2FA632052B1BD00DAF7E8 /* PLLiveTableViewCell.m in Sources */ = {isa = PBXBuildFile; fileRef = 76B2FA622052B1BD00DAF7E8 /* PLLiveTableViewCell.m */; };
		76B39BCF205F646600E1DDBD /* NSObject+Auth.m in Sources */ = {isa = PBXBuildFile; fileRef = 76B39BCE205F646600E1DDBD /* NSObject+Auth.m */; };
		76E1E7562049224800D02790 /* Assets.xcassets in Resources */ = {isa = PBXBuildFile; fileRef = 76E1E7552049224800D02790 /* Assets.xcassets */; };
		76E1E75C2049224800D02790 /* main.m in Sources */ = {isa = PBXBuildFile; fileRef = 76E1E75B2049224800D02790 /* main.m */; };
		76E1E7682049226200D02790 /* PLBaseViewController.m in Sources */ = {isa = PBXBuildFile; fileRef = 76E1E7622049226100D02790 /* PLBaseViewController.m */; };
		76E1E7692049226200D02790 /* PLRootTabBarViewController.m in Sources */ = {isa = PBXBuildFile; fileRef = 76E1E7642049226100D02790 /* PLRootTabBarViewController.m */; };
		76E1E76A2049226200D02790 /* AppDelegate.m in Sources */ = {isa = PBXBuildFile; fileRef = 76E1E7672049226200D02790 /* AppDelegate.m */; };
		76E1E79C204924CA00D02790 /* PLLiveViewController.m in Sources */ = {isa = PBXBuildFile; fileRef = 76E1E7812049228800D02790 /* PLLiveViewController.m */; };
		76E1E79D204924CE00D02790 /* PLLongVideoViewController.m in Sources */ = {isa = PBXBuildFile; fileRef = 76E1E7732049228800D02790 /* PLLongVideoViewController.m */; };
		76E1E79E204924D000D02790 /* PLLongMediaTableViewCell.m in Sources */ = {isa = PBXBuildFile; fileRef = 76E1E7752049228800D02790 /* PLLongMediaTableViewCell.m */; };
		76E1E7A0204924D600D02790 /* PLShortVideoViewController.m in Sources */ = {isa = PBXBuildFile; fileRef = 76E1E77A2049228800D02790 /* PLShortVideoViewController.m */; };
		76E1E7A1204924D800D02790 /* PLShortPlayerViewController.m in Sources */ = {isa = PBXBuildFile; fileRef = 76E1E77C2049228800D02790 /* PLShortPlayerViewController.m */; };
		76E1E7A42049269900D02790 /* UIView+Alert.m in Sources */ = {isa = PBXBuildFile; fileRef = 76E1E7702049228800D02790 /* UIView+Alert.m */; };
		C2B3D57F1145D51B19798A6B /* libPods-NiuPlayer.a in Frameworks */ = {isa = PBXBuildFile; fileRef = 12834B4F2B2004BCF7C283A6 /* libPods-NiuPlayer.a */; };
		C36A15E72079C6A900ADE8FC /* user_agreement.html in Resources */ = {isa = PBXBuildFile; fileRef = C36A15E32079C6A900ADE8FC /* user_agreement.html */; };
		C36A15EB2079C72300ADE8FC /* PLAgreementViewController.m in Sources */ = {isa = PBXBuildFile; fileRef = C36A15E92079C72300ADE8FC /* PLAgreementViewController.m */; };
		C36A15EC2079C72300ADE8FC /* PLAgreementViewController.xib in Resources */ = {isa = PBXBuildFile; fileRef = C36A15EA2079C72300ADE8FC /* PLAgreementViewController.xib */; };
		C36A15EF2079F26900ADE8FC /* PLAlertUserAgreeView.m in Sources */ = {isa = PBXBuildFile; fileRef = C36A15EE2079F26900ADE8FC /* PLAlertUserAgreeView.m */; };
/* End PBXBuildFile section */

/* Begin PBXCopyFilesBuildPhase section */
		76E1E799204923AB00D02790 /* Copy Files */ = {
			isa = PBXCopyFilesBuildPhase;
			buildActionMask = 2147483647;
			dstPath = "";
			dstSubfolderSpec = 10;
			files = (
			);
			name = "Copy Files";
			runOnlyForDeploymentPostprocessing = 0;
		};
/* End PBXCopyFilesBuildPhase section */

/* Begin PBXFileReference section */
		0F22DE4EF387CBCF5A967845 /* Pods-NiuPlayer.release.xcconfig */ = {isa = PBXFileReference; includeInIndex = 1; lastKnownFileType = text.xcconfig; name = "Pods-NiuPlayer.release.xcconfig"; path = "Pods/Target Support Files/Pods-NiuPlayer/Pods-NiuPlayer.release.xcconfig"; sourceTree = "<group>"; };
		12834B4F2B2004BCF7C283A6 /* libPods-NiuPlayer.a */ = {isa = PBXFileReference; explicitFileType = archive.ar; includeInIndex = 0; path = "libPods-NiuPlayer.a"; sourceTree = BUILT_PRODUCTS_DIR; };
		6597AD0447B599D78489EE5C /* Pods-NiuPlayer.debug.xcconfig */ = {isa = PBXFileReference; includeInIndex = 1; lastKnownFileType = text.xcconfig; name = "Pods-NiuPlayer.debug.xcconfig"; path = "Pods/Target Support Files/Pods-NiuPlayer/Pods-NiuPlayer.debug.xcconfig"; sourceTree = "<group>"; };
		7630BEE7204FD268009160DC /* PLPlayerView.h */ = {isa = PBXFileReference; lastKnownFileType = sourcecode.c.h; path = PLPlayerView.h; sourceTree = "<group>"; };
		7630BEE8204FD268009160DC /* PLPlayerView.m */ = {isa = PBXFileReference; lastKnownFileType = sourcecode.c.objc; path = PLPlayerView.m; sourceTree = "<group>"; };
		7630BEEA204FD3B3009160DC /* PLNavigationViewController.h */ = {isa = PBXFileReference; lastKnownFileType = sourcecode.c.h; path = PLNavigationViewController.h; sourceTree = "<group>"; };
		7630BEEB204FD3B3009160DC /* PLNavigationViewController.m */ = {isa = PBXFileReference; lastKnownFileType = sourcecode.c.objc; path = PLNavigationViewController.m; sourceTree = "<group>"; };
		763831732058E5220023AD90 /* NSDate+Covert.h */ = {isa = PBXFileReference; lastKnownFileType = sourcecode.c.h; path = "NSDate+Covert.h"; sourceTree = "<group>"; };
		763831742058E5220023AD90 /* NSDate+Covert.m */ = {isa = PBXFileReference; lastKnownFileType = sourcecode.c.objc; path = "NSDate+Covert.m"; sourceTree = "<group>"; };
		76383185205905960023AD90 /* Base */ = {isa = PBXFileReference; lastKnownFileType = file.storyboard; name = Base; path = Base.lproj/LaunchScreen.storyboard; sourceTree = "<group>"; };
		7638318920592ECF0023AD90 /* launchImage.png */ = {isa = PBXFileReference; lastKnownFileType = image.png; path = launchImage.png; sourceTree = "<group>"; };
		7638318B205939420023AD90 /* hks.png */ = {isa = PBXFileReference; lastKnownFileType = image.png; path = hks.png; sourceTree = "<group>"; };
		7638318E20593B850023AD90 /* 5.jpeg */ = {isa = PBXFileReference; lastKnownFileType = image.jpeg; path = 5.jpeg; sourceTree = "<group>"; };
		7638318F20593B850023AD90 /* 4.jpg */ = {isa = PBXFileReference; lastKnownFileType = image.jpeg; path = 4.jpg; sourceTree = "<group>"; };
		7638319020593B850023AD90 /* 2.jpeg */ = {isa = PBXFileReference; lastKnownFileType = image.jpeg; path = 2.jpeg; sourceTree = "<group>"; };
		7638319120593B850023AD90 /* 3.jpg */ = {isa = PBXFileReference; lastKnownFileType = image.jpeg; path = 3.jpg; sourceTree = "<group>"; };
		7638319220593B850023AD90 /* 1.jpg */ = {isa = PBXFileReference; lastKnownFileType = image.jpeg; path = 1.jpg; sourceTree = "<group>"; };
		7638319320593B850023AD90 /* 0.jpg */ = {isa = PBXFileReference; lastKnownFileType = image.jpeg; path = 0.jpg; sourceTree = "<group>"; };
		767EE51C204F86E00074B4FF /* PLHttpSession.h */ = {isa = PBXFileReference; lastKnownFileType = sourcecode.c.h; path = PLHttpSession.h; sourceTree = "<group>"; };
		767EE51D204F86E00074B4FF /* PLHttpSession.m */ = {isa = PBXFileReference; lastKnownFileType = sourcecode.c.objc; path = PLHttpSession.m; sourceTree = "<group>"; };
		767EE528204FA72A0074B4FF /* PLMediaInfo.h */ = {isa = PBXFileReference; lastKnownFileType = sourcecode.c.h; path = PLMediaInfo.h; sourceTree = "<group>"; };
		767EE529204FA72A0074B4FF /* PLMediaInfo.m */ = {isa = PBXFileReference; lastKnownFileType = sourcecode.c.objc; path = PLMediaInfo.m; sourceTree = "<group>"; };
		768E0840204D3660007D0975 /* UIButton+Animate.h */ = {isa = PBXFileReference; lastKnownFileType = sourcecode.c.h; path = "UIButton+Animate.h"; sourceTree = "<group>"; };
		768E0841204D3660007D0975 /* UIButton+Animate.m */ = {isa = PBXFileReference; lastKnownFileType = sourcecode.c.objc; path = "UIButton+Animate.m"; sourceTree = "<group>"; };
		76B2FA45205226C900DAF7E8 /* PLQRCodeViewController.h */ = {isa = PBXFileReference; lastKnownFileType = sourcecode.c.h; path = PLQRCodeViewController.h; sourceTree = "<group>"; };
		76B2FA46205226C900DAF7E8 /* PLQRCodeViewController.m */ = {isa = PBXFileReference; lastKnownFileType = sourcecode.c.objc; path = PLQRCodeViewController.m; sourceTree = "<group>"; };
		76B2FA50205277C100DAF7E8 /* PLPlayViewController.h */ = {isa = PBXFileReference; lastKnownFileType = sourcecode.c.h; path = PLPlayViewController.h; sourceTree = "<group>"; };
		76B2FA51205277C100DAF7E8 /* PLPlayViewController.m */ = {isa = PBXFileReference; lastKnownFileType = sourcecode.c.objc; path = PLPlayViewController.m; sourceTree = "<group>"; };
		76B2FA5A2052AEFD00DAF7E8 /* NSString+URLCheck.h */ = {isa = PBXFileReference; lastKnownFileType = sourcecode.c.h; path = "NSString+URLCheck.h"; sourceTree = "<group>"; };
		76B2FA5B2052AEFD00DAF7E8 /* NSString+URLCheck.m */ = {isa = PBXFileReference; lastKnownFileType = sourcecode.c.objc; path = "NSString+URLCheck.m"; sourceTree = "<group>"; };
		76B2FA612052B1BD00DAF7E8 /* PLLiveTableViewCell.h */ = {isa = PBXFileReference; lastKnownFileType = sourcecode.c.h; path = PLLiveTableViewCell.h; sourceTree = "<group>"; };
		76B2FA622052B1BD00DAF7E8 /* PLLiveTableViewCell.m */ = {isa = PBXFileReference; lastKnownFileType = sourcecode.c.objc; path = PLLiveTableViewCell.m; sourceTree = "<group>"; };
		76B39BCD205F646600E1DDBD /* NSObject+Auth.h */ = {isa = PBXFileReference; lastKnownFileType = sourcecode.c.h; path = "NSObject+Auth.h"; sourceTree = "<group>"; };
		76B39BCE205F646600E1DDBD /* NSObject+Auth.m */ = {isa = PBXFileReference; lastKnownFileType = sourcecode.c.objc; path = "NSObject+Auth.m"; sourceTree = "<group>"; };
		76E1E7492049224800D02790 /* NiuPlayer.app */ = {isa = PBXFileReference; explicitFileType = wrapper.application; includeInIndex = 0; path = NiuPlayer.app; sourceTree = BUILT_PRODUCTS_DIR; };
		76E1E7552049224800D02790 /* Assets.xcassets */ = {isa = PBXFileReference; lastKnownFileType = folder.assetcatalog; path = Assets.xcassets; sourceTree = "<group>"; };
		76E1E75A2049224800D02790 /* Info.plist */ = {isa = PBXFileReference; lastKnownFileType = text.plist.xml; path = Info.plist; sourceTree = "<group>"; };
		76E1E75B2049224800D02790 /* main.m */ = {isa = PBXFileReference; lastKnownFileType = sourcecode.c.objc; path = main.m; sourceTree = "<group>"; };
		76E1E7622049226100D02790 /* PLBaseViewController.m */ = {isa = PBXFileReference; lastKnownFileType = sourcecode.c.objc; path = PLBaseViewController.m; sourceTree = "<group>"; };
		76E1E7632049226100D02790 /* PLRootTabBarViewController.h */ = {isa = PBXFileReference; lastKnownFileType = sourcecode.c.h; path = PLRootTabBarViewController.h; sourceTree = "<group>"; };
		76E1E7642049226100D02790 /* PLRootTabBarViewController.m */ = {isa = PBXFileReference; lastKnownFileType = sourcecode.c.objc; path = PLRootTabBarViewController.m; sourceTree = "<group>"; };
		76E1E7652049226200D02790 /* AppDelegate.h */ = {isa = PBXFileReference; lastKnownFileType = sourcecode.c.h; path = AppDelegate.h; sourceTree = "<group>"; };
		76E1E7662049226200D02790 /* PLBaseViewController.h */ = {isa = PBXFileReference; lastKnownFileType = sourcecode.c.h; path = PLBaseViewController.h; sourceTree = "<group>"; };
		76E1E7672049226200D02790 /* AppDelegate.m */ = {isa = PBXFileReference; lastKnownFileType = sourcecode.c.objc; path = AppDelegate.m; sourceTree = "<group>"; };
		76E1E76B2049228700D02790 /* MacroDefine.h */ = {isa = PBXFileReference; lastKnownFileType = sourcecode.c.h; path = MacroDefine.h; sourceTree = "<group>"; };
		76E1E76F2049228800D02790 /* UIView+Alert.h */ = {isa = PBXFileReference; lastKnownFileType = sourcecode.c.h; path = "UIView+Alert.h"; sourceTree = "<group>"; };
		76E1E7702049228800D02790 /* UIView+Alert.m */ = {isa = PBXFileReference; lastKnownFileType = sourcecode.c.objc; path = "UIView+Alert.m"; sourceTree = "<group>"; };
		76E1E7722049228800D02790 /* PLLongVideoViewController.h */ = {isa = PBXFileReference; fileEncoding = 4; lastKnownFileType = sourcecode.c.h; path = PLLongVideoViewController.h; sourceTree = "<group>"; };
		76E1E7732049228800D02790 /* PLLongVideoViewController.m */ = {isa = PBXFileReference; fileEncoding = 4; lastKnownFileType = sourcecode.c.objc; path = PLLongVideoViewController.m; sourceTree = "<group>"; };
		76E1E7742049228800D02790 /* PLLongMediaTableViewCell.h */ = {isa = PBXFileReference; lastKnownFileType = sourcecode.c.h; path = PLLongMediaTableViewCell.h; sourceTree = "<group>"; };
		76E1E7752049228800D02790 /* PLLongMediaTableViewCell.m */ = {isa = PBXFileReference; lastKnownFileType = sourcecode.c.objc; path = PLLongMediaTableViewCell.m; sourceTree = "<group>"; };
		76E1E7792049228800D02790 /* PLShortVideoViewController.h */ = {isa = PBXFileReference; fileEncoding = 4; lastKnownFileType = sourcecode.c.h; path = PLShortVideoViewController.h; sourceTree = "<group>"; };
		76E1E77A2049228800D02790 /* PLShortVideoViewController.m */ = {isa = PBXFileReference; fileEncoding = 4; lastKnownFileType = sourcecode.c.objc; path = PLShortVideoViewController.m; sourceTree = "<group>"; };
		76E1E77B2049228800D02790 /* PLShortPlayerViewController.h */ = {isa = PBXFileReference; lastKnownFileType = sourcecode.c.h; path = PLShortPlayerViewController.h; sourceTree = "<group>"; };
		76E1E77C2049228800D02790 /* PLShortPlayerViewController.m */ = {isa = PBXFileReference; lastKnownFileType = sourcecode.c.objc; path = PLShortPlayerViewController.m; sourceTree = "<group>"; };
		76E1E7802049228800D02790 /* PLLiveViewController.h */ = {isa = PBXFileReference; fileEncoding = 4; lastKnownFileType = sourcecode.c.h; path = PLLiveViewController.h; sourceTree = "<group>"; };
		76E1E7812049228800D02790 /* PLLiveViewController.m */ = {isa = PBXFileReference; fileEncoding = 4; lastKnownFileType = sourcecode.c.objc; path = PLLiveViewController.m; sourceTree = "<group>"; };
		76E1E79B2049248900D02790 /* NiuPlayer.pch */ = {isa = PBXFileReference; lastKnownFileType = sourcecode.c.h; path = NiuPlayer.pch; sourceTree = "<group>"; };
		C36A15E32079C6A900ADE8FC /* user_agreement.html */ = {isa = PBXFileReference; fileEncoding = 4; lastKnownFileType = text.html; path = user_agreement.html; sourceTree = "<group>"; };
		C36A15E82079C72300ADE8FC /* PLAgreementViewController.h */ = {isa = PBXFileReference; lastKnownFileType = sourcecode.c.h; path = PLAgreementViewController.h; sourceTree = "<group>"; };
		C36A15E92079C72300ADE8FC /* PLAgreementViewController.m */ = {isa = PBXFileReference; lastKnownFileType = sourcecode.c.objc; path = PLAgreementViewController.m; sourceTree = "<group>"; };
		C36A15EA2079C72300ADE8FC /* PLAgreementViewController.xib */ = {isa = PBXFileReference; lastKnownFileType = file.xib; path = PLAgreementViewController.xib; sourceTree = "<group>"; };
		C36A15ED2079F26900ADE8FC /* PLAlertUserAgreeView.h */ = {isa = PBXFileReference; lastKnownFileType = sourcecode.c.h; path = PLAlertUserAgreeView.h; sourceTree = "<group>"; };
		C36A15EE2079F26900ADE8FC /* PLAlertUserAgreeView.m */ = {isa = PBXFileReference; lastKnownFileType = sourcecode.c.objc; path = PLAlertUserAgreeView.m; sourceTree = "<group>"; };
/* End PBXFileReference section */

/* Begin PBXFrameworksBuildPhase section */
		76E1E7462049224800D02790 /* Frameworks */ = {
			isa = PBXFrameworksBuildPhase;
			buildActionMask = 2147483647;
			files = (
				C2B3D57F1145D51B19798A6B /* libPods-NiuPlayer.a in Frameworks */,
			);
			runOnlyForDeploymentPostprocessing = 0;
		};
/* End PBXFrameworksBuildPhase section */

/* Begin PBXGroup section */
		6B9B5BEE691884C77F7C7870 /* Frameworks */ = {
			isa = PBXGroup;
			children = (
				12834B4F2B2004BCF7C283A6 /* libPods-NiuPlayer.a */,
			);
			name = Frameworks;
			sourceTree = "<group>";
		};
		7638318D20593B850023AD90 /* defaultHeader */ = {
			isa = PBXGroup;
			children = (
				7638318E20593B850023AD90 /* 5.jpeg */,
				7638318F20593B850023AD90 /* 4.jpg */,
				7638319020593B850023AD90 /* 2.jpeg */,
				7638319120593B850023AD90 /* 3.jpg */,
				7638319220593B850023AD90 /* 1.jpg */,
				7638319320593B850023AD90 /* 0.jpg */,
			);
			path = defaultHeader;
			sourceTree = "<group>";
		};
		76E1E7402049224800D02790 = {
			isa = PBXGroup;
			children = (
				76E1E74B2049224800D02790 /* NiuPlayer */,
				76E1E74A2049224800D02790 /* Products */,
				8ACAF3F41F627BDCB1710025 /* Pods */,
				6B9B5BEE691884C77F7C7870 /* Frameworks */,
			);
			sourceTree = "<group>";
		};
		76E1E74A2049224800D02790 /* Products */ = {
			isa = PBXGroup;
			children = (
				76E1E7492049224800D02790 /* NiuPlayer.app */,
			);
			name = Products;
			sourceTree = "<group>";
		};
		76E1E74B2049224800D02790 /* NiuPlayer */ = {
			isa = PBXGroup;
			children = (
				76E1E7652049226200D02790 /* AppDelegate.h */,
				76E1E7672049226200D02790 /* AppDelegate.m */,
				76E1E7662049226200D02790 /* PLBaseViewController.h */,
				76E1E7622049226100D02790 /* PLBaseViewController.m */,
				76E1E7632049226100D02790 /* PLRootTabBarViewController.h */,
				76E1E7642049226100D02790 /* PLRootTabBarViewController.m */,
				7630BEEA204FD3B3009160DC /* PLNavigationViewController.h */,
				7630BEEB204FD3B3009160DC /* PLNavigationViewController.m */,
				C36A15E82079C72300ADE8FC /* PLAgreementViewController.h */,
				C36A15E92079C72300ADE8FC /* PLAgreementViewController.m */,
				C36A15EA2079C72300ADE8FC /* PLAgreementViewController.xib */,
				76E1E7712049228800D02790 /* Category */,
				76E1E76E2049228700D02790 /* Common */,
				76E1E7822049228800D02790 /* LiveVideo */,
				76E1E7782049228800D02790 /* LongVideo */,
				76E1E77F2049228800D02790 /* ShortVideo */,
				76E1E7552049224800D02790 /* Assets.xcassets */,
				C36A15E32079C6A900ADE8FC /* user_agreement.html */,
				76E1E75A2049224800D02790 /* Info.plist */,
				76383184205905960023AD90 /* LaunchScreen.storyboard */,
				76E1E75B2049224800D02790 /* main.m */,
				7638318D20593B850023AD90 /* defaultHeader */,
				7638318B205939420023AD90 /* hks.png */,
				7638318920592ECF0023AD90 /* launchImage.png */,
				76E1E79B2049248900D02790 /* NiuPlayer.pch */,
			);
			path = NiuPlayer;
			sourceTree = "<group>";
		};
		76E1E76E2049228700D02790 /* Common */ = {
			isa = PBXGroup;
			children = (
				76E1E76B2049228700D02790 /* MacroDefine.h */,
				7630BEE7204FD268009160DC /* PLPlayerView.h */,
				7630BEE8204FD268009160DC /* PLPlayerView.m */,
				767EE51C204F86E00074B4FF /* PLHttpSession.h */,
				767EE51D204F86E00074B4FF /* PLHttpSession.m */,
				767EE528204FA72A0074B4FF /* PLMediaInfo.h */,
				767EE529204FA72A0074B4FF /* PLMediaInfo.m */,
				76B2FA45205226C900DAF7E8 /* PLQRCodeViewController.h */,
				76B2FA46205226C900DAF7E8 /* PLQRCodeViewController.m */,
				76B2FA50205277C100DAF7E8 /* PLPlayViewController.h */,
				76B2FA51205277C100DAF7E8 /* PLPlayViewController.m */,
				C36A15ED2079F26900ADE8FC /* PLAlertUserAgreeView.h */,
				C36A15EE2079F26900ADE8FC /* PLAlertUserAgreeView.m */,
			);
			path = Common;
			sourceTree = "<group>";
		};
		76E1E7712049228800D02790 /* Category */ = {
			isa = PBXGroup;
			children = (
				76E1E76F2049228800D02790 /* UIView+Alert.h */,
				76E1E7702049228800D02790 /* UIView+Alert.m */,
				768E0840204D3660007D0975 /* UIButton+Animate.h */,
				768E0841204D3660007D0975 /* UIButton+Animate.m */,
				76B2FA5A2052AEFD00DAF7E8 /* NSString+URLCheck.h */,
				76B2FA5B2052AEFD00DAF7E8 /* NSString+URLCheck.m */,
				763831732058E5220023AD90 /* NSDate+Covert.h */,
				763831742058E5220023AD90 /* NSDate+Covert.m */,
				76B39BCD205F646600E1DDBD /* NSObject+Auth.h */,
				76B39BCE205F646600E1DDBD /* NSObject+Auth.m */,
			);
			path = Category;
			sourceTree = "<group>";
		};
		76E1E7782049228800D02790 /* LongVideo */ = {
			isa = PBXGroup;
			children = (
				76E1E7722049228800D02790 /* PLLongVideoViewController.h */,
				76E1E7732049228800D02790 /* PLLongVideoViewController.m */,
				76E1E7742049228800D02790 /* PLLongMediaTableViewCell.h */,
				76E1E7752049228800D02790 /* PLLongMediaTableViewCell.m */,
			);
			path = LongVideo;
			sourceTree = "<group>";
		};
		76E1E77F2049228800D02790 /* ShortVideo */ = {
			isa = PBXGroup;
			children = (
				76E1E7792049228800D02790 /* PLShortVideoViewController.h */,
				76E1E77A2049228800D02790 /* PLShortVideoViewController.m */,
				76E1E77B2049228800D02790 /* PLShortPlayerViewController.h */,
				76E1E77C2049228800D02790 /* PLShortPlayerViewController.m */,
			);
			path = ShortVideo;
			sourceTree = "<group>";
		};
		76E1E7822049228800D02790 /* LiveVideo */ = {
			isa = PBXGroup;
			children = (
				76E1E7802049228800D02790 /* PLLiveViewController.h */,
				76E1E7812049228800D02790 /* PLLiveViewController.m */,
				76B2FA612052B1BD00DAF7E8 /* PLLiveTableViewCell.h */,
				76B2FA622052B1BD00DAF7E8 /* PLLiveTableViewCell.m */,
			);
			path = LiveVideo;
			sourceTree = "<group>";
		};
		8ACAF3F41F627BDCB1710025 /* Pods */ = {
			isa = PBXGroup;
			children = (
				6597AD0447B599D78489EE5C /* Pods-NiuPlayer.debug.xcconfig */,
				0F22DE4EF387CBCF5A967845 /* Pods-NiuPlayer.release.xcconfig */,
			);
			name = Pods;
			sourceTree = "<group>";
		};
/* End PBXGroup section */

/* Begin PBXNativeTarget section */
		76E1E7482049224800D02790 /* NiuPlayer */ = {
			isa = PBXNativeTarget;
			buildConfigurationList = 76E1E75F2049224800D02790 /* Build configuration list for PBXNativeTarget "NiuPlayer" */;
			buildPhases = (
				235E64D46BB4287E9B4ACFD2 /* [CP] Check Pods Manifest.lock */,
				76E1E7452049224800D02790 /* Sources */,
				76E1E7462049224800D02790 /* Frameworks */,
				76E1E7472049224800D02790 /* Resources */,
				5F1392422F014A78D7D7D138 /* [CP] Copy Pods Resources */,
				76E1E799204923AB00D02790 /* Copy Files */,
				E484F59884E4B8023E4E32B3 /* [CP] Embed Pods Frameworks */,
				87C27106053AD8212AE45676 /* Upload Bugsnag dSYM */,
			);
			buildRules = (
			);
			dependencies = (
			);
			name = NiuPlayer;
			productName = NiuPlayer;
			productReference = 76E1E7492049224800D02790 /* NiuPlayer.app */;
			productType = "com.apple.product-type.application";
		};
/* End PBXNativeTarget section */

/* Begin PBXProject section */
		76E1E7412049224800D02790 /* Project object */ = {
			isa = PBXProject;
			attributes = {
				LastUpgradeCheck = 0920;
				ORGANIZATIONNAME = hxiongan;
				TargetAttributes = {
					76E1E7482049224800D02790 = {
						CreatedOnToolsVersion = 9.2;
						ProvisioningStyle = Automatic;
						SystemCapabilities = {
							com.apple.BackgroundModes = {
								enabled = 1;
							};
						};
					};
				};
			};
			buildConfigurationList = 76E1E7442049224800D02790 /* Build configuration list for PBXProject "NiuPlayer" */;
			compatibilityVersion = "Xcode 8.0";
			developmentRegion = en;
			hasScannedForEncodings = 0;
			knownRegions = (
				en,
				Base,
			);
			mainGroup = 76E1E7402049224800D02790;
			productRefGroup = 76E1E74A2049224800D02790 /* Products */;
			projectDirPath = "";
			projectRoot = "";
			targets = (
				76E1E7482049224800D02790 /* NiuPlayer */,
			);
		};
/* End PBXProject section */

/* Begin PBXResourcesBuildPhase section */
		76E1E7472049224800D02790 /* Resources */ = {
			isa = PBXResourcesBuildPhase;
			buildActionMask = 2147483647;
			files = (
				7638319520593B850023AD90 /* 4.jpg in Resources */,
				C36A15EC2079C72300ADE8FC /* PLAgreementViewController.xib in Resources */,
				7638319420593B850023AD90 /* 5.jpeg in Resources */,
				7638318A20592ED00023AD90 /* launchImage.png in Resources */,
				7638318C205939420023AD90 /* hks.png in Resources */,
				76E1E7562049224800D02790 /* Assets.xcassets in Resources */,
				76383186205905970023AD90 /* LaunchScreen.storyboard in Resources */,
				7638319920593B850023AD90 /* 0.jpg in Resources */,
				7638319820593B850023AD90 /* 1.jpg in Resources */,
				7638319620593B850023AD90 /* 2.jpeg in Resources */,
				C36A15E72079C6A900ADE8FC /* user_agreement.html in Resources */,
				7638319720593B850023AD90 /* 3.jpg in Resources */,
			);
			runOnlyForDeploymentPostprocessing = 0;
		};
/* End PBXResourcesBuildPhase section */

/* Begin PBXShellScriptBuildPhase section */
		235E64D46BB4287E9B4ACFD2 /* [CP] Check Pods Manifest.lock */ = {
			isa = PBXShellScriptBuildPhase;
			buildActionMask = 2147483647;
			files = (
			);
			inputPaths = (
				"${PODS_PODFILE_DIR_PATH}/Podfile.lock",
				"${PODS_ROOT}/Manifest.lock",
			);
			name = "[CP] Check Pods Manifest.lock";
			outputPaths = (
				"$(DERIVED_FILE_DIR)/Pods-NiuPlayer-checkManifestLockResult.txt",
			);
			runOnlyForDeploymentPostprocessing = 0;
			shellPath = /bin/sh;
			shellScript = "diff \"${PODS_PODFILE_DIR_PATH}/Podfile.lock\" \"${PODS_ROOT}/Manifest.lock\" > /dev/null\nif [ $? != 0 ] ; then\n    # print error to STDERR\n    echo \"error: The sandbox is not in sync with the Podfile.lock. Run 'pod install' or update your CocoaPods installation.\" >&2\n    exit 1\nfi\n# This output is used by Xcode 'outputs' to avoid re-running this script phase.\necho \"SUCCESS\" > \"${SCRIPT_OUTPUT_FILE_0}\"\n";
			showEnvVarsInLog = 0;
		};
		5F1392422F014A78D7D7D138 /* [CP] Copy Pods Resources */ = {
			isa = PBXShellScriptBuildPhase;
			buildActionMask = 2147483647;
			files = (
			);
			inputPaths = (
				"${PODS_ROOT}/Target Support Files/Pods-NiuPlayer/Pods-NiuPlayer-resources.sh",
				"${PODS_CONFIGURATION_BUILD_DIR}/JGProgressHUD/JGProgressHUD.bundle",
				"${PODS_ROOT}/WeiboSDK/libWeiboSDK/WeiboSDK.bundle",
			);
			name = "[CP] Copy Pods Resources";
			outputPaths = (
				"${TARGET_BUILD_DIR}/${UNLOCALIZED_RESOURCES_FOLDER_PATH}/JGProgressHUD.bundle",
				"${TARGET_BUILD_DIR}/${UNLOCALIZED_RESOURCES_FOLDER_PATH}/WeiboSDK.bundle",
			);
			runOnlyForDeploymentPostprocessing = 0;
			shellPath = /bin/sh;
			shellScript = "\"${PODS_ROOT}/Target Support Files/Pods-NiuPlayer/Pods-NiuPlayer-resources.sh\"\n";
			showEnvVarsInLog = 0;
		};
		87C27106053AD8212AE45676 /* Upload Bugsnag dSYM */ = {
			isa = PBXShellScriptBuildPhase;
			buildActionMask = 2147483647;
			files = (
			);
			inputPaths = (
			);
			name = "Upload Bugsnag dSYM";
			outputPaths = (
			);
			runOnlyForDeploymentPostprocessing = 0;
			shellPath = "/usr/bin/env ruby";
			shellScript = "fork do\n  Process.setsid\n  STDIN.reopen(\"/dev/null\")\n  STDOUT.reopen(\"/dev/null\", \"a\")\n  STDERR.reopen(\"/dev/null\", \"a\")\n\n  require 'shellwords'\n\n  Dir[\"#{ENV[\"DWARF_DSYM_FOLDER_PATH\"]}/*/Contents/Resources/DWARF/*\"].each do |dsym|\n    system(\"curl -F dsym=@#{Shellwords.escape(dsym)} -F projectRoot=#{Shellwords.escape(ENV[\"PROJECT_DIR\"])} https://upload.bugsnag.com/\")\n  end\nend\n";
			showEnvVarsInLog = 0;
		};
		E484F59884E4B8023E4E32B3 /* [CP] Embed Pods Frameworks */ = {
			isa = PBXShellScriptBuildPhase;
			buildActionMask = 2147483647;
			files = (
			);
			inputPaths = (
				"${PODS_ROOT}/Target Support Files/Pods-NiuPlayer/Pods-NiuPlayer-frameworks.sh",
				"${PODS_ROOT}/../../../Pod/Library/PLPlayerKit.framework",
			);
			name = "[CP] Embed Pods Frameworks";
			outputPaths = (
				"${TARGET_BUILD_DIR}/${FRAMEWORKS_FOLDER_PATH}/PLPlayerKit.framework",
			);
			runOnlyForDeploymentPostprocessing = 0;
			shellPath = /bin/sh;
			shellScript = "\"${PODS_ROOT}/Target Support Files/Pods-NiuPlayer/Pods-NiuPlayer-frameworks.sh\"\n";
			showEnvVarsInLog = 0;
		};
/* End PBXShellScriptBuildPhase section */

/* Begin PBXSourcesBuildPhase section */
		76E1E7452049224800D02790 /* Sources */ = {
			isa = PBXSourcesBuildPhase;
			buildActionMask = 2147483647;
			files = (
				76E1E79D204924CE00D02790 /* PLLongVideoViewController.m in Sources */,
				76E1E7A42049269900D02790 /* UIView+Alert.m in Sources */,
				768E0842204D3660007D0975 /* UIButton+Animate.m in Sources */,
				76E1E79E204924D000D02790 /* PLLongMediaTableViewCell.m in Sources */,
				76E1E76A2049226200D02790 /* AppDelegate.m in Sources */,
				76E1E7A0204924D600D02790 /* PLShortVideoViewController.m in Sources */,
				7630BEEC204FD3B3009160DC /* PLNavigationViewController.m in Sources */,
				76E1E7692049226200D02790 /* PLRootTabBarViewController.m in Sources */,
				767EE51E204F86E00074B4FF /* PLHttpSession.m in Sources */,
				76B2FA52205277C100DAF7E8 /* PLPlayViewController.m in Sources */,
				767EE52A204FA72A0074B4FF /* PLMediaInfo.m in Sources */,
				7630BEE9204FD268009160DC /* PLPlayerView.m in Sources */,
				76B2FA5C2052AEFD00DAF7E8 /* NSString+URLCheck.m in Sources */,
				C36A15EB2079C72300ADE8FC /* PLAgreementViewController.m in Sources */,
				76E1E75C2049224800D02790 /* main.m in Sources */,
				76B2FA47205226C900DAF7E8 /* PLQRCodeViewController.m in Sources */,
				763831752058E5220023AD90 /* NSDate+Covert.m in Sources */,
				76B2FA632052B1BD00DAF7E8 /* PLLiveTableViewCell.m in Sources */,
				C36A15EF2079F26900ADE8FC /* PLAlertUserAgreeView.m in Sources */,
				76E1E7682049226200D02790 /* PLBaseViewController.m in Sources */,
				76E1E7A1204924D800D02790 /* PLShortPlayerViewController.m in Sources */,
				76B39BCF205F646600E1DDBD /* NSObject+Auth.m in Sources */,
				76E1E79C204924CA00D02790 /* PLLiveViewController.m in Sources */,
			);
			runOnlyForDeploymentPostprocessing = 0;
		};
/* End PBXSourcesBuildPhase section */

/* Begin PBXVariantGroup section */
		76383184205905960023AD90 /* LaunchScreen.storyboard */ = {
			isa = PBXVariantGroup;
			children = (
				76383185205905960023AD90 /* Base */,
			);
			name = LaunchScreen.storyboard;
			sourceTree = "<group>";
		};
/* End PBXVariantGroup section */

/* Begin XCBuildConfiguration section */
		76E1E75D2049224800D02790 /* Debug */ = {
			isa = XCBuildConfiguration;
			buildSettings = {
				ALWAYS_SEARCH_USER_PATHS = NO;
				CLANG_ANALYZER_NONNULL = YES;
				CLANG_ANALYZER_NUMBER_OBJECT_CONVERSION = YES_AGGRESSIVE;
				CLANG_CXX_LANGUAGE_STANDARD = "gnu++14";
				CLANG_CXX_LIBRARY = "libc++";
				CLANG_ENABLE_MODULES = YES;
				CLANG_ENABLE_OBJC_ARC = YES;
				CLANG_WARN_BLOCK_CAPTURE_AUTORELEASING = YES;
				CLANG_WARN_BOOL_CONVERSION = YES;
				CLANG_WARN_COMMA = YES;
				CLANG_WARN_CONSTANT_CONVERSION = YES;
				CLANG_WARN_DIRECT_OBJC_ISA_USAGE = YES_ERROR;
				CLANG_WARN_DOCUMENTATION_COMMENTS = YES;
				CLANG_WARN_EMPTY_BODY = YES;
				CLANG_WARN_ENUM_CONVERSION = YES;
				CLANG_WARN_INFINITE_RECURSION = YES;
				CLANG_WARN_INT_CONVERSION = YES;
				CLANG_WARN_NON_LITERAL_NULL_CONVERSION = YES;
				CLANG_WARN_OBJC_LITERAL_CONVERSION = YES;
				CLANG_WARN_OBJC_ROOT_CLASS = YES_ERROR;
				CLANG_WARN_RANGE_LOOP_ANALYSIS = YES;
				CLANG_WARN_STRICT_PROTOTYPES = YES;
				CLANG_WARN_SUSPICIOUS_MOVE = YES;
				CLANG_WARN_UNGUARDED_AVAILABILITY = YES_AGGRESSIVE;
				CLANG_WARN_UNREACHABLE_CODE = YES;
				CLANG_WARN__DUPLICATE_METHOD_MATCH = YES;
				CODE_SIGN_IDENTITY = "iPhone Developer";
				COPY_PHASE_STRIP = NO;
				DEBUG_INFORMATION_FORMAT = dwarf;
				ENABLE_STRICT_OBJC_MSGSEND = YES;
				ENABLE_TESTABILITY = YES;
				GCC_C_LANGUAGE_STANDARD = gnu11;
				GCC_DYNAMIC_NO_PIC = NO;
				GCC_NO_COMMON_BLOCKS = YES;
				GCC_OPTIMIZATION_LEVEL = 0;
				GCC_PREPROCESSOR_DEFINITIONS = (
					"DEBUG=1",
					"$(inherited)",
				);
				GCC_WARN_64_TO_32_BIT_CONVERSION = YES;
				GCC_WARN_ABOUT_RETURN_TYPE = YES_ERROR;
				GCC_WARN_UNDECLARED_SELECTOR = YES;
				GCC_WARN_UNINITIALIZED_AUTOS = YES_AGGRESSIVE;
				GCC_WARN_UNUSED_FUNCTION = YES;
				GCC_WARN_UNUSED_VARIABLE = YES;
				IPHONEOS_DEPLOYMENT_TARGET = 8.0;
				MTL_ENABLE_DEBUG_INFO = YES;
				ONLY_ACTIVE_ARCH = YES;
				SDKROOT = iphoneos;
			};
			name = Debug;
		};
		76E1E75E2049224800D02790 /* Release */ = {
			isa = XCBuildConfiguration;
			buildSettings = {
				ALWAYS_SEARCH_USER_PATHS = NO;
				CLANG_ANALYZER_NONNULL = YES;
				CLANG_ANALYZER_NUMBER_OBJECT_CONVERSION = YES_AGGRESSIVE;
				CLANG_CXX_LANGUAGE_STANDARD = "gnu++14";
				CLANG_CXX_LIBRARY = "libc++";
				CLANG_ENABLE_MODULES = YES;
				CLANG_ENABLE_OBJC_ARC = YES;
				CLANG_WARN_BLOCK_CAPTURE_AUTORELEASING = YES;
				CLANG_WARN_BOOL_CONVERSION = YES;
				CLANG_WARN_COMMA = YES;
				CLANG_WARN_CONSTANT_CONVERSION = YES;
				CLANG_WARN_DIRECT_OBJC_ISA_USAGE = YES_ERROR;
				CLANG_WARN_DOCUMENTATION_COMMENTS = YES;
				CLANG_WARN_EMPTY_BODY = YES;
				CLANG_WARN_ENUM_CONVERSION = YES;
				CLANG_WARN_INFINITE_RECURSION = YES;
				CLANG_WARN_INT_CONVERSION = YES;
				CLANG_WARN_NON_LITERAL_NULL_CONVERSION = YES;
				CLANG_WARN_OBJC_LITERAL_CONVERSION = YES;
				CLANG_WARN_OBJC_ROOT_CLASS = YES_ERROR;
				CLANG_WARN_RANGE_LOOP_ANALYSIS = YES;
				CLANG_WARN_STRICT_PROTOTYPES = YES;
				CLANG_WARN_SUSPICIOUS_MOVE = YES;
				CLANG_WARN_UNGUARDED_AVAILABILITY = YES_AGGRESSIVE;
				CLANG_WARN_UNREACHABLE_CODE = YES;
				CLANG_WARN__DUPLICATE_METHOD_MATCH = YES;
				CODE_SIGN_IDENTITY = "iPhone Developer";
				COPY_PHASE_STRIP = NO;
				DEBUG_INFORMATION_FORMAT = "dwarf-with-dsym";
				ENABLE_NS_ASSERTIONS = NO;
				ENABLE_STRICT_OBJC_MSGSEND = YES;
				GCC_C_LANGUAGE_STANDARD = gnu11;
				GCC_NO_COMMON_BLOCKS = YES;
				GCC_WARN_64_TO_32_BIT_CONVERSION = YES;
				GCC_WARN_ABOUT_RETURN_TYPE = YES_ERROR;
				GCC_WARN_UNDECLARED_SELECTOR = YES;
				GCC_WARN_UNINITIALIZED_AUTOS = YES_AGGRESSIVE;
				GCC_WARN_UNUSED_FUNCTION = YES;
				GCC_WARN_UNUSED_VARIABLE = YES;
				IPHONEOS_DEPLOYMENT_TARGET = 8.0;
				MTL_ENABLE_DEBUG_INFO = NO;
				SDKROOT = iphoneos;
				VALIDATE_PRODUCT = YES;
			};
			name = Release;
		};
		76E1E7602049224800D02790 /* Debug */ = {
			isa = XCBuildConfiguration;
			baseConfigurationReference = 6597AD0447B599D78489EE5C /* Pods-NiuPlayer.debug.xcconfig */;
			buildSettings = {
				ASSETCATALOG_COMPILER_APPICON_NAME = AppIcon;
				CODE_SIGN_STYLE = Automatic;
				DEVELOPMENT_TEAM = GDFHW66V92;
				ENABLE_BITCODE = YES;
				GCC_PREFIX_HEADER = NiuPlayer/NiuPlayer.pch;
				HEADER_SEARCH_PATHS = (
					"$(inherited)",
					"\"${PODS_ROOT}/Headers/Public\"",
					"\"${PODS_ROOT}/Headers/Public/BlocksKit\"",
					"\"${PODS_ROOT}/Headers/Public/Crashlytics\"",
					"\"${PODS_ROOT}/Headers/Public/Fabric\"",
					"\"${PODS_ROOT}/Headers/Public/HappyDNS\"",
					"\"${PODS_ROOT}/Headers/Public/JGProgressHUD\"",
					"\"${PODS_ROOT}/Headers/Public/MMMaterialDesignSpinner\"",
					"\"${PODS_ROOT}/Headers/Public/Masonry\"",
					"\"${PODS_ROOT}/Headers/Public/WeiboSDK\"",
				);
				INFOPLIST_FILE = NiuPlayer/Info.plist;
				LD_RUNPATH_SEARCH_PATHS = "$(inherited) @executable_path/Frameworks";
				PRODUCT_BUNDLE_IDENTIFIER = com.qbox.niuplayer;
				PRODUCT_NAME = "$(TARGET_NAME)";
				TARGETED_DEVICE_FAMILY = "1,2";
			};
			name = Debug;
		};
		76E1E7612049224800D02790 /* Release */ = {
			isa = XCBuildConfiguration;
			baseConfigurationReference = 0F22DE4EF387CBCF5A967845 /* Pods-NiuPlayer.release.xcconfig */;
			buildSettings = {
				ASSETCATALOG_COMPILER_APPICON_NAME = AppIcon;
				CODE_SIGN_STYLE = Automatic;
				DEVELOPMENT_TEAM = GDFHW66V92;
				ENABLE_BITCODE = YES;
				GCC_PREFIX_HEADER = NiuPlayer/NiuPlayer.pch;
				HEADER_SEARCH_PATHS = (
					"$(inherited)",
					"\"${PODS_ROOT}/Headers/Public\"",
					"\"${PODS_ROOT}/Headers/Public/BlocksKit\"",
					"\"${PODS_ROOT}/Headers/Public/Crashlytics\"",
					"\"${PODS_ROOT}/Headers/Public/Fabric\"",
					"\"${PODS_ROOT}/Headers/Public/HappyDNS\"",
					"\"${PODS_ROOT}/Headers/Public/JGProgressHUD\"",
					"\"${PODS_ROOT}/Headers/Public/MMMaterialDesignSpinner\"",
					"\"${PODS_ROOT}/Headers/Public/Masonry\"",
					"\"${PODS_ROOT}/Headers/Public/WeiboSDK\"",
				);
				INFOPLIST_FILE = NiuPlayer/Info.plist;
				LD_RUNPATH_SEARCH_PATHS = "$(inherited) @executable_path/Frameworks";
				PRODUCT_BUNDLE_IDENTIFIER = com.qbox.niuplayer;
				PRODUCT_NAME = "$(TARGET_NAME)";
				TARGETED_DEVICE_FAMILY = "1,2";
			};
			name = Release;
		};
/* End XCBuildConfiguration section */

/* Begin XCConfigurationList section */
		76E1E7442049224800D02790 /* Build configuration list for PBXProject "NiuPlayer" */ = {
			isa = XCConfigurationList;
			buildConfigurations = (
				76E1E75D2049224800D02790 /* Debug */,
				76E1E75E2049224800D02790 /* Release */,
			);
			defaultConfigurationIsVisible = 0;
			defaultConfigurationName = Release;
		};
		76E1E75F2049224800D02790 /* Build configuration list for PBXNativeTarget "NiuPlayer" */ = {
			isa = XCConfigurationList;
			buildConfigurations = (
				76E1E7602049224800D02790 /* Debug */,
				76E1E7612049224800D02790 /* Release */,
			);
			defaultConfigurationIsVisible = 0;
			defaultConfigurationName = Release;
		};
/* End XCConfigurationList section */
	};
	rootObject = 76E1E7412049224800D02790 /* Project object */;
}
